PODS:
  - TesseractOCRiOS (5.0.1)

DEPENDENCIES:
  - TesseractOCRiOS

SPEC REPOS:
  https://github.com/CocoaPods/Specs.git:
    - TesseractOCRiOS

SPEC CHECKSUMS:
  TesseractOCRiOS: 2c189465f86abb030d0c5141c90da9705b647854

PODFILE CHECKSUM: 1ed2dba36f473931ce51fa2eb1a7323be1c5c15b

COCOAPODS: 1.8.3
