// !$*UTF8*$!
{
	archiveVersion = 1;
	classes = {
	};
	objectVersion = 50;
	objects = {

/* Begin PBXBuildFile section */
		3688ABF4EE346C44E869BAB0 /* Pods_TextDetection.framework in Frameworks */ = {isa = PBXBuildFile; fileRef = AD0209F7273A6E244F8B9339 /* Pods_TextDetection.framework */; };
		4C16B9D02339AD54002452AB /* AppDelegate.swift in Sources */ = {isa = PBXBuildFile; fileRef = 4C16B9CF2339AD54002452AB /* AppDelegate.swift */; };
		4C16B9D22339AD54002452AB /* SceneDelegate.swift in Sources */ = {isa = PBXBuildFile; fileRef = 4C16B9D12339AD54002452AB /* SceneDelegate.swift */; };
		4C16B9D42339AD54002452AB /* ViewController.swift in Sources */ = {isa = PBXBuildFile; fileRef = 4C16B9D32339AD54002452AB /* ViewController.swift */; };
		4C16B9D72339AD54002452AB /* Main.storyboard in Resources */ = {isa = PBXBuildFile; fileRef = 4C16B9D52339AD54002452AB /* Main.storyboard */; };
		4C16B9D92339AD55002452AB /* Assets.xcassets in Resources */ = {isa = PBXBuildFile; fileRef = 4C16B9D82339AD55002452AB /* Assets.xcassets */; };
		4C16B9DC2339AD55002452AB /* LaunchScreen.storyboard in Resources */ = {isa = PBXBuildFile; fileRef = 4C16B9DA2339AD55002452AB /* LaunchScreen.storyboard */; };
		4C5B72BC2350916E0029C886 /* Utilities.swift in Sources */ = {isa = PBXBuildFile; fileRef = 4C5B72BB2350916E0029C886 /* Utilities.swift */; };
/* End PBXBuildFile section */

/* Begin PBXFileReference section */
		0B9EFB9723517EC400609C99 /* README.md */ = {isa = PBXFileReference; lastKnownFileType = net.daringfireball.markdown; path = README.md; sourceTree = "<group>"; };
		4C16B9CC2339AD54002452AB /* TextDetection.app */ = {isa = PBXFileReference; explicitFileType = wrapper.application; includeInIndex = 0; path = TextDetection.app; sourceTree = BUILT_PRODUCTS_DIR; };
		4C16B9CF2339AD54002452AB /* AppDelegate.swift */ = {isa = PBXFileReference; lastKnownFileType = sourcecode.swift; path = AppDelegate.swift; sourceTree = "<group>"; };
		4C16B9D12339AD54002452AB /* SceneDelegate.swift */ = {isa = PBXFileReference; lastKnownFileType = sourcecode.swift; path = SceneDelegate.swift; sourceTree = "<group>"; };
		4C16B9D32339AD54002452AB /* ViewController.swift */ = {isa = PBXFileReference; lastKnownFileType = sourcecode.swift; path = ViewController.swift; sourceTree = "<group>"; };
		4C16B9D62339AD54002452AB /* Base */ = {isa = PBXFileReference; lastKnownFileType = file.storyboard; name = Base; path = Base.lproj/Main.storyboard; sourceTree = "<group>"; };
		4C16B9D82339AD55002452AB /* Assets.xcassets */ = {isa = PBXFileReference; lastKnownFileType = folder.assetcatalog; path = Assets.xcassets; sourceTree = "<group>"; };
		4C16B9DB2339AD55002452AB /* Base */ = {isa = PBXFileReference; lastKnownFileType = file.storyboard; name = Base; path = Base.lproj/LaunchScreen.storyboard; sourceTree = "<group>"; };
		4C16B9DD2339AD55002452AB /* Info.plist */ = {isa = PBXFileReference; lastKnownFileType = text.plist.xml; path = Info.plist; sourceTree = "<group>"; };
		4C5B72BB2350916E0029C886 /* Utilities.swift */ = {isa = PBXFileReference; fileEncoding = 4; lastKnownFileType = sourcecode.swift; path = Utilities.swift; sourceTree = "<group>"; };
		6D0BCC0C709860F4D3AAF604 /* Pods-TextDetection.debug.xcconfig */ = {isa = PBXFileReference; includeInIndex = 1; lastKnownFileType = text.xcconfig; name = "Pods-TextDetection.debug.xcconfig"; path = "Target Support Files/Pods-TextDetection/Pods-TextDetection.debug.xcconfig"; sourceTree = "<group>"; };
		AD0209F7273A6E244F8B9339 /* Pods_TextDetection.framework */ = {isa = PBXFileReference; explicitFileType = wrapper.framework; includeInIndex = 0; path = Pods_TextDetection.framework; sourceTree = BUILT_PRODUCTS_DIR; };
		D14D95D9F5672BF7271C0B49 /* Pods-TextDetection.release.xcconfig */ = {isa = PBXFileReference; includeInIndex = 1; lastKnownFileType = text.xcconfig; name = "Pods-TextDetection.release.xcconfig"; path = "Target Support Files/Pods-TextDetection/Pods-TextDetection.release.xcconfig"; sourceTree = "<group>"; };
/* End PBXFileReference section */

/* Begin PBXFrameworksBuildPhase section */
		4C16B9C92339AD54002452AB /* Frameworks */ = {
			isa = PBXFrameworksBuildPhase;
			buildActionMask = 2147483647;
			files = (
				3688ABF4EE346C44E869BAB0 /* Pods_TextDetection.framework in Frameworks */,
			);
			runOnlyForDeploymentPostprocessing = 0;
		};
/* End PBXFrameworksBuildPhase section */

/* Begin PBXGroup section */
		4C16B9C32339AD54002452AB = {
			isa = PBXGroup;
			children = (
				0B9EFB9723517EC400609C99 /* README.md */,
				4C16B9CE2339AD54002452AB /* TextDetection */,
				4C16B9CD2339AD54002452AB /* Products */,
				92EA52973896DF771C4DC65C /* Pods */,
				63C137786085B61C3D52304A /* Frameworks */,
			);
			sourceTree = "<group>";
		};
		4C16B9CD2339AD54002452AB /* Products */ = {
			isa = PBXGroup;
			children = (
				4C16B9CC2339AD54002452AB /* TextDetection.app */,
			);
			name = Products;
			sourceTree = "<group>";
		};
		4C16B9CE2339AD54002452AB /* TextDetection */ = {
			isa = PBXGroup;
			children = (
				4C16B9D52339AD54002452AB /* Main.storyboard */,
				4C16B9CF2339AD54002452AB /* AppDelegate.swift */,
				4C16B9D12339AD54002452AB /* SceneDelegate.swift */,
				4C16B9D32339AD54002452AB /* ViewController.swift */,
				4C5B72BB2350916E0029C886 /* Utilities.swift */,
				4C16B9D82339AD55002452AB /* Assets.xcassets */,
				4C16B9DA2339AD55002452AB /* LaunchScreen.storyboard */,
				4C16B9DD2339AD55002452AB /* Info.plist */,
			);
			path = TextDetection;
			sourceTree = "<group>";
		};
		63C137786085B61C3D52304A /* Frameworks */ = {
			isa = PBXGroup;
			children = (
				AD0209F7273A6E244F8B9339 /* Pods_TextDetection.framework */,
			);
			name = Frameworks;
			sourceTree = "<group>";
		};
		92EA52973896DF771C4DC65C /* Pods */ = {
			isa = PBXGroup;
			children = (
				6D0BCC0C709860F4D3AAF604 /* Pods-TextDetection.debug.xcconfig */,
				D14D95D9F5672BF7271C0B49 /* Pods-TextDetection.release.xcconfig */,
			);
			name = Pods;
			path = Pods;
			sourceTree = "<group>";
		};
/* End PBXGroup section */

/* Begin PBXNativeTarget section */
		4C16B9CB2339AD54002452AB /* TextDetection */ = {
			isa = PBXNativeTarget;
			buildConfigurationList = 4C16B9E02339AD55002452AB /* Build configuration list for PBXNativeTarget "TextDetection" */;
			buildPhases = (
				33FFD5F2E1C39D9E01CA2D7A /* [CP] Check Pods Manifest.lock */,
				4C16B9C82339AD54002452AB /* Sources */,
				4C16B9C92339AD54002452AB /* Frameworks */,
				4C16B9CA2339AD54002452AB /* Resources */,
				702866980A53BF3CFC377B62 /* [CP] Embed Pods Frameworks */,
			);
			buildRules = (
			);
			dependencies = (
			);
			name = TextDetection;
			productName = TextDetection;
			productReference = 4C16B9CC2339AD54002452AB /* TextDetection.app */;
			productType = "com.apple.product-type.application";
		};
/* End PBXNativeTarget section */

/* Begin PBXProject section */
		4C16B9C42339AD54002452AB /* Project object */ = {
			isa = PBXProject;
			attributes = {
				LastSwiftUpdateCheck = 1100;
				LastUpgradeCheck = 1100;
				ORGANIZATIONNAME = "Design Quest Limited";
				TargetAttributes = {
					4C16B9CB2339AD54002452AB = {
						CreatedOnToolsVersion = 11.0;
					};
				};
			};
			buildConfigurationList = 4C16B9C72339AD54002452AB /* Build configuration list for PBXProject "TextDetection" */;
			compatibilityVersion = "Xcode 9.3";
			developmentRegion = en;
			hasScannedForEncodings = 0;
			knownRegions = (
				en,
				Base,
			);
			mainGroup = 4C16B9C32339AD54002452AB;
			productRefGroup = 4C16B9CD2339AD54002452AB /* Products */;
			projectDirPath = "";
			projectRoot = "";
			targets = (
				4C16B9CB2339AD54002452AB /* TextDetection */,
			);
		};
/* End PBXProject section */

/* Begin PBXResourcesBuildPhase section */
		4C16B9CA2339AD54002452AB /* Resources */ = {
			isa = PBXResourcesBuildPhase;
			buildActionMask = 2147483647;
			files = (
				4C16B9DC2339AD55002452AB /* LaunchScreen.storyboard in Resources */,
				4C16B9D92339AD55002452AB /* Assets.xcassets in Resources */,
				4C16B9D72339AD54002452AB /* Main.storyboard in Resources */,
			);
			runOnlyForDeploymentPostprocessing = 0;
		};
/* End PBXResourcesBuildPhase section */

/* Begin PBXShellScriptBuildPhase section */
		33FFD5F2E1C39D9E01CA2D7A /* [CP] Check Pods Manifest.lock */ = {
			isa = PBXShellScriptBuildPhase;
			buildActionMask = 2147483647;
			files = (
			);
			inputFileListPaths = (
			);
			inputPaths = (
				"${PODS_PODFILE_DIR_PATH}/Podfile.lock",
				"${PODS_ROOT}/Manifest.lock",
			);
			name = "[CP] Check Pods Manifest.lock";
			outputFileListPaths = (
			);
			outputPaths = (
				"$(DERIVED_FILE_DIR)/Pods-TextDetection-checkManifestLockResult.txt",
			);
			runOnlyForDeploymentPostprocessing = 0;
			shellPath = /bin/sh;
			shellScript = "diff \"${PODS_PODFILE_DIR_PATH}/Podfile.lock\" \"${PODS_ROOT}/Manifest.lock\" > /dev/null\nif [ $? != 0 ] ; then\n    # print error to STDERR\n    echo \"error: The sandbox is not in sync with the Podfile.lock. Run 'pod install' or update your CocoaPods installation.\" >&2\n    exit 1\nfi\n# This output is used by Xcode 'outputs' to avoid re-running this script phase.\necho \"SUCCESS\" > \"${SCRIPT_OUTPUT_FILE_0}\"\n";
			showEnvVarsInLog = 0;
		};
		702866980A53BF3CFC377B62 /* [CP] Embed Pods Frameworks */ = {
			isa = PBXShellScriptBuildPhase;
			buildActionMask = 2147483647;
			files = (
			);
			inputFileListPaths = (
			);
			inputPaths = (
				"${PODS_ROOT}/Target Support Files/Pods-TextDetection/Pods-TextDetection-frameworks.sh",
				"${BUILT_PRODUCTS_DIR}/TesseractOCRiOS/TesseractOCR.framework",
			);
			name = "[CP] Embed Pods Frameworks";
			outputFileListPaths = (
			);
			outputPaths = (
				"${TARGET_BUILD_DIR}/${FRAMEWORKS_FOLDER_PATH}/TesseractOCR.framework",
			);
			runOnlyForDeploymentPostprocessing = 0;
			shellPath = /bin/sh;
			shellScript = "\"${PODS_ROOT}/Target Support Files/Pods-TextDetection/Pods-TextDetection-frameworks.sh\"\n";
			showEnvVarsInLog = 0;
		};
/* End PBXShellScriptBuildPhase section */

/* Begin PBXSourcesBuildPhase section */
		4C16B9C82339AD54002452AB /* Sources */ = {
			isa = PBXSourcesBuildPhase;
			buildActionMask = 2147483647;
			files = (
				4C16B9D42339AD54002452AB /* ViewController.swift in Sources */,
				4C16B9D02339AD54002452AB /* AppDelegate.swift in Sources */,
				4C5B72BC2350916E0029C886 /* Utilities.swift in Sources */,
				4C16B9D22339AD54002452AB /* SceneDelegate.swift in Sources */,
			);
			runOnlyForDeploymentPostprocessing = 0;
		};
/* End PBXSourcesBuildPhase section */

/* Begin PBXVariantGroup section */
		4C16B9D52339AD54002452AB /* Main.storyboard */ = {
			isa = PBXVariantGroup;
			children = (
				4C16B9D62339AD54002452AB /* Base */,
			);
			name = Main.storyboard;
			sourceTree = "<group>";
		};
		4C16B9DA2339AD55002452AB /* LaunchScreen.storyboard */ = {
			isa = PBXVariantGroup;
			children = (
				4C16B9DB2339AD55002452AB /* Base */,
			);
			name = LaunchScreen.storyboard;
			sourceTree = "<group>";
		};
/* End PBXVariantGroup section */

/* Begin XCBuildConfiguration section */
		4C16B9DE2339AD55002452AB /* Debug */ = {
			isa = XCBuildConfiguration;
			buildSettings = {
				ALWAYS_SEARCH_USER_PATHS = NO;
				CLANG_ANALYZER_NONNULL = YES;
				CLANG_ANALYZER_NUMBER_OBJECT_CONVERSION = YES_AGGRESSIVE;
				CLANG_CXX_LANGUAGE_STANDARD = "gnu++14";
				CLANG_CXX_LIBRARY = "libc++";
				CLANG_ENABLE_MODULES = YES;
				CLANG_ENABLE_OBJC_ARC = YES;
				CLANG_ENABLE_OBJC_WEAK = YES;
				CLANG_WARN_BLOCK_CAPTURE_AUTORELEASING = YES;
				CLANG_WARN_BOOL_CONVERSION = YES;
				CLANG_WARN_COMMA = YES;
				CLANG_WARN_CONSTANT_CONVERSION = YES;
				CLANG_WARN_DEPRECATED_OBJC_IMPLEMENTATIONS = YES;
				CLANG_WARN_DIRECT_OBJC_ISA_USAGE = YES_ERROR;
				CLANG_WARN_DOCUMENTATION_COMMENTS = YES;
				CLANG_WARN_EMPTY_BODY = YES;
				CLANG_WARN_ENUM_CONVERSION = YES;
				CLANG_WARN_INFINITE_RECURSION = YES;
				CLANG_WARN_INT_CONVERSION = YES;
				CLANG_WARN_NON_LITERAL_NULL_CONVERSION = YES;
				CLANG_WARN_OBJC_IMPLICIT_RETAIN_SELF = YES;
				CLANG_WARN_OBJC_LITERAL_CONVERSION = YES;
				CLANG_WARN_OBJC_ROOT_CLASS = YES_ERROR;
				CLANG_WARN_RANGE_LOOP_ANALYSIS = YES;
				CLANG_WARN_STRICT_PROTOTYPES = YES;
				CLANG_WARN_SUSPICIOUS_MOVE = YES;
				CLANG_WARN_UNGUARDED_AVAILABILITY = YES_AGGRESSIVE;
				CLANG_WARN_UNREACHABLE_CODE = YES;
				CLANG_WARN__DUPLICATE_METHOD_MATCH = YES;
				COPY_PHASE_STRIP = NO;
				DEBUG_INFORMATION_FORMAT = dwarf;
				ENABLE_STRICT_OBJC_MSGSEND = YES;
				ENABLE_TESTABILITY = YES;
				GCC_C_LANGUAGE_STANDARD = gnu11;
				GCC_DYNAMIC_NO_PIC = NO;
				GCC_NO_COMMON_BLOCKS = YES;
				GCC_OPTIMIZATION_LEVEL = 0;
				GCC_PREPROCESSOR_DEFINITIONS = (
					"DEBUG=1",
					"$(inherited)",
				);
				GCC_WARN_64_TO_32_BIT_CONVERSION = YES;
				GCC_WARN_ABOUT_RETURN_TYPE = YES_ERROR;
				GCC_WARN_UNDECLARED_SELECTOR = YES;
				GCC_WARN_UNINITIALIZED_AUTOS = YES_AGGRESSIVE;
				GCC_WARN_UNUSED_FUNCTION = YES;
				GCC_WARN_UNUSED_VARIABLE = YES;
				IPHONEOS_DEPLOYMENT_TARGET = 13.0;
				MTL_ENABLE_DEBUG_INFO = INCLUDE_SOURCE;
				MTL_FAST_MATH = YES;
				ONLY_ACTIVE_ARCH = YES;
				SDKROOT = iphoneos;
				SWIFT_ACTIVE_COMPILATION_CONDITIONS = DEBUG;
				SWIFT_OPTIMIZATION_LEVEL = "-Onone";
			};
			name = Debug;
		};
		4C16B9DF2339AD55002452AB /* Release */ = {
			isa = XCBuildConfiguration;
			buildSettings = {
				ALWAYS_SEARCH_USER_PATHS = NO;
				CLANG_ANALYZER_NONNULL = YES;
				CLANG_ANALYZER_NUMBER_OBJECT_CONVERSION = YES_AGGRESSIVE;
				CLANG_CXX_LANGUAGE_STANDARD = "gnu++14";
				CLANG_CXX_LIBRARY = "libc++";
				CLANG_ENABLE_MODULES = YES;
				CLANG_ENABLE_OBJC_ARC = YES;
				CLANG_ENABLE_OBJC_WEAK = YES;
				CLANG_WARN_BLOCK_CAPTURE_AUTORELEASING = YES;
				CLANG_WARN_BOOL_CONVERSION = YES;
				CLANG_WARN_COMMA = YES;
				CLANG_WARN_CONSTANT_CONVERSION = YES;
				CLANG_WARN_DEPRECATED_OBJC_IMPLEMENTATIONS = YES;
				CLANG_WARN_DIRECT_OBJC_ISA_USAGE = YES_ERROR;
				CLANG_WARN_DOCUMENTATION_COMMENTS = YES;
				CLANG_WARN_EMPTY_BODY = YES;
				CLANG_WARN_ENUM_CONVERSION = YES;
				CLANG_WARN_INFINITE_RECURSION = YES;
				CLANG_WARN_INT_CONVERSION = YES;
				CLANG_WARN_NON_LITERAL_NULL_CONVERSION = YES;
				CLANG_WARN_OBJC_IMPLICIT_RETAIN_SELF = YES;
				CLANG_WARN_OBJC_LITERAL_CONVERSION = YES;
				CLANG_WARN_OBJC_ROOT_CLASS = YES_ERROR;
				CLANG_WARN_RANGE_LOOP_ANALYSIS = YES;
				CLANG_WARN_STRICT_PROTOTYPES = YES;
				CLANG_WARN_SUSPICIOUS_MOVE = YES;
				CLANG_WARN_UNGUARDED_AVAILABILITY = YES_AGGRESSIVE;
				CLANG_WARN_UNREACHABLE_CODE = YES;
				CLANG_WARN__DUPLICATE_METHOD_MATCH = YES;
				COPY_PHASE_STRIP = NO;
				DEBUG_INFORMATION_FORMAT = "dwarf-with-dsym";
				ENABLE_NS_ASSERTIONS = NO;
				ENABLE_STRICT_OBJC_MSGSEND = YES;
				GCC_C_LANGUAGE_STANDARD = gnu11;
				GCC_NO_COMMON_BLOCKS = YES;
				GCC_WARN_64_TO_32_BIT_CONVERSION = YES;
				GCC_WARN_ABOUT_RETURN_TYPE = YES_ERROR;
				GCC_WARN_UNDECLARED_SELECTOR = YES;
				GCC_WARN_UNINITIALIZED_AUTOS = YES_AGGRESSIVE;
				GCC_WARN_UNUSED_FUNCTION = YES;
				GCC_WARN_UNUSED_VARIABLE = YES;
				IPHONEOS_DEPLOYMENT_TARGET = 13.0;
				MTL_ENABLE_DEBUG_INFO = NO;
				MTL_FAST_MATH = YES;
				SDKROOT = iphoneos;
				SWIFT_COMPILATION_MODE = wholemodule;
				SWIFT_OPTIMIZATION_LEVEL = "-O";
				VALIDATE_PRODUCT = YES;
			};
			name = Release;
		};
		4C16B9E12339AD55002452AB /* Debug */ = {
			isa = XCBuildConfiguration;
			baseConfigurationReference = 6D0BCC0C709860F4D3AAF604 /* Pods-TextDetection.debug.xcconfig */;
			buildSettings = {
				ASSETCATALOG_COMPILER_APPICON_NAME = AppIcon;
				CODE_SIGN_STYLE = Automatic;
				DEVELOPMENT_TEAM = VVW6V9XLMT;
				INFOPLIST_FILE = TextDetection/Info.plist;
				LD_RUNPATH_SEARCH_PATHS = (
					"$(inherited)",
					"@executable_path/Frameworks",
				);
				PRODUCT_BUNDLE_IDENTIFIER = hk.com.designquest.TextDetection;
				PRODUCT_NAME = "$(TARGET_NAME)";
				SWIFT_VERSION = 5.0;
				TARGETED_DEVICE_FAMILY = "1,2";
			};
			name = Debug;
		};
		4C16B9E22339AD55002452AB /* Release */ = {
			isa = XCBuildConfiguration;
			baseConfigurationReference = D14D95D9F5672BF7271C0B49 /* Pods-TextDetection.release.xcconfig */;
			buildSettings = {
				ASSETCATALOG_COMPILER_APPICON_NAME = AppIcon;
				CODE_SIGN_STYLE = Automatic;
				DEVELOPMENT_TEAM = VVW6V9XLMT;
				INFOPLIST_FILE = TextDetection/Info.plist;
				LD_RUNPATH_SEARCH_PATHS = (
					"$(inherited)",
					"@executable_path/Frameworks",
				);
				PRODUCT_BUNDLE_IDENTIFIER = hk.com.designquest.TextDetection;
				PRODUCT_NAME = "$(TARGET_NAME)";
				SWIFT_VERSION = 5.0;
				TARGETED_DEVICE_FAMILY = "1,2";
			};
			name = Release;
		};
/* End XCBuildConfiguration section */

/* Begin XCConfigurationList section */
		4C16B9C72339AD54002452AB /* Build configuration list for PBXProject "TextDetection" */ = {
			isa = XCConfigurationList;
			buildConfigurations = (
				4C16B9DE2339AD55002452AB /* Debug */,
				4C16B9DF2339AD55002452AB /* Release */,
			);
			defaultConfigurationIsVisible = 0;
			defaultConfigurationName = Release;
		};
		4C16B9E02339AD55002452AB /* Build configuration list for PBXNativeTarget "TextDetection" */ = {
			isa = XCConfigurationList;
			buildConfigurations = (
				4C16B9E12339AD55002452AB /* Debug */,
				4C16B9E22339AD55002452AB /* Release */,
			);
			defaultConfigurationIsVisible = 0;
			defaultConfigurationName = Release;
		};
/* End XCConfigurationList section */
	};
	rootObject = 4C16B9C42339AD54002452AB /* Project object */;
}
